
Microsoft Visual Studio Solution File, Format Version 12.00
# Visual Studio Version 16
VisualStudioVersion = 16.0.31019.35
MinimumVisualStudioVersion = 10.0.40219.1
Project("{9A19103F-16F7-4668-BE54-9A1E7A4F7556}") = "KafkaMasstransitWebApp1", "KafkaMasstransitWebApp1\KafkaMasstransitWebApp1.csproj", "{9758C1CB-C0C6-4BFF-9BA7-E5649B2B3F85}"
EndProject
Project("{9A19103F-16F7-4668-BE54-9A1E7A4F7556}") = "KafkaMasstransitWebApp2", "KafkaMasstransitWebApp2\KafkaMasstransitWebApp2.csproj", "{2FD7A7AB-A4A2-4515-9B96-00414B907A10}"
EndProject
Project("{2150E333-8FDC-42A3-9474-1A3956D46DE8}") = "Solution Items", "Solution Items", "{A6ADA696-C1B3-4E09-8830-C18AAC340011}"
	ProjectSection(SolutionItems) = preProject
		Readme.md = Readme.md
	EndProjectSection
EndProject
Global
	GlobalSection(SolutionConfigurationPlatforms) = preSolution
		Debug|Any CPU = Debug|Any CPU
		Release|Any CPU = Release|Any CPU
	EndGlobalSection
	GlobalSection(ProjectConfigurationPlatforms) = postSolution
		{9758C1CB-C0C6-4BFF-9BA7-E5649B2B3F85}.Debug|Any CPU.ActiveCfg = Debug|Any CPU
		{9758C1CB-C0C6-4BFF-9BA7-E5649B2B3F85}.Debug|Any CPU.Build.0 = Debug|Any CPU
		{9758C1CB-C0C6-4BFF-9BA7-E5649B2B3F85}.Release|Any CPU.ActiveCfg = Release|Any CPU
		{9758C1CB-C0C6-4BFF-9BA7-E5649B2B3F85}.Release|Any CPU.Build.0 = Release|Any CPU
		{2FD7A7AB-A4A2-4515-9B96-00414B907A10}.Debug|Any CPU.ActiveCfg = Debug|Any CPU
		{2FD7A7AB-A4A2-4515-9B96-00414B907A10}.Debug|Any CPU.Build.0 = Debug|Any CPU
		{2FD7A7AB-A4A2-4515-9B96-00414B907A10}.Release|Any CPU.ActiveCfg = Release|Any CPU
		{2FD7A7AB-A4A2-4515-9B96-00414B907A10}.Release|Any CPU.Build.0 = Release|Any CPU
	EndGlobalSection
	GlobalSection(SolutionProperties) = preSolution
		HideSolutionNode = FALSE
	EndGlobalSection
	GlobalSection(ExtensibilityGlobals) = postSolution
		SolutionGuid = {1CFD9A70-3C15-46A1-BA3C-6CA6E0BC324E}
	EndGlobalSection
EndGlobal
